{
  "name": "opencast-runtime-info-ui",
  "version": "1.0.0",
  "lockfileVersion": 1,
  "requires": true,
  "dependencies": {
    "angular": {
      "version": "1.7.4",
      "resolved": "https://registry.npmjs.org/angular/-/angular-1.7.4.tgz",
      "integrity": "sha512-nYTWc9CpZjTY57l8EA1+DGpQNzI6HewQ34bfRYoGXBYysIoPYjfcgTGWC+Vl3AaeCnhAb3VTkysVESvCBpUIoA=="
    },
    "angular-route": {
      "version": "1.7.4",
      "resolved": "https://registry.npmjs.org/angular-route/-/angular-route-1.7.4.tgz",
      "integrity": "sha512-z7HjNixxCdU7Th12jeXS/MS9QV320AVIOHmZ39guXZMJY4fR3defC/uyzhJyEiiw2ySXfg/PWjWdterw82CVig=="
    }
  }
}
