{
  "name": "engage-paella-player",
  "version": "8.0.0",
  "lockfileVersion": 3,
  "requires": true,
  "packages": {
    "": {
      "name": "engage-paella-player",
      "version": "8.0.0",
      "devDependencies": {
        "@asicupv/engage-paella-player": "^8.0.3"
      }
    },
    "node_modules/@asicupv/engage-paella-player": {
      "version": "8.0.3",
      "dev": true
    }
  }
}
