{
  "name": "engage-paella-player",
  "version": "8.0.0",
  "lockfileVersion": 3,
  "requires": true,
  "packages": {
    "": {
      "name": "engage-paella-player",
      "version": "8.0.0",
      "devDependencies": {
        "@asicupv/opencast-engage-paella-player": "^8.0.6"
      }
    },
    "node_modules/@asicupv/opencast-engage-paella-player": {
      "version": "8.0.6",
      "resolved": "https://registry.npmjs.org/@asicupv/opencast-engage-paella-player/-/opencast-engage-paella-player-8.0.6.tgz",
      "integrity": "sha512-THgro63FCeRG8ouI6reazEVk5fmvBd31CPgy9dFF4nn/BnL86EFnsBWOieOyLlwS5UH0B1VycmMoEURaW8eXaQ==",
      "dev": true
    }
  }
}
