{
  "name": "docs.opencast.org",
  "lockfileVersion": 3,
  "requires": true,
  "packages": {
    "": {
      "name": "docs.opencast.org",
      "dependencies": {
        "anchor-js": "^5.0.0",
        "bootstrap": "^3.4.1",
        "jquery": "^3.7.1"
      }
    },
    "node_modules/anchor-js": {
      "version": "5.0.0",
      "resolved": "https://registry.npmjs.org/anchor-js/-/anchor-js-5.0.0.tgz",
      "integrity": "sha512-2bOqCsBIXAYhjAN3iI4QevoAJtB2gRWAiY9P3P7CVW8lIjA3Dl6ldhDlWeeQvCHif+V5vIndfLOag/5I8tzTzA=="
    },
    "node_modules/bootstrap": {
      "version": "3.4.1",
      "resolved": "https://registry.npmjs.org/bootstrap/-/bootstrap-3.4.1.tgz",
      "integrity": "sha512-yN5oZVmRCwe5aKwzRj6736nSmKDX7pLYwsXiCj/EYmo16hODaBiT4En5btW/jhBF/seV+XMx3aYwukYC3A49DA==",
      "engines": {
        "node": ">=6"
      }
    },
    "node_modules/jquery": {
      "version": "3.7.1",
      "resolved": "https://registry.npmjs.org/jquery/-/jquery-3.7.1.tgz",
      "integrity": "sha512-m4avr8yL8kmFN8psrbFFFmB/If14iN5o9nw/NgnnM+kybDJpRsAynV2BsfpTYrTRysYUdADVD7CkUUizgkpLfg=="
    }
  }
}
